<?xml version="1.0" encoding="utf-8"?>
<Project ToolsVersion="4.0" xmlns="http://schemas.microsoft.com/developer/msbuild/2003">
  <ItemGroup>
    <Filter Include="ソース ファイル">
      <UniqueIdentifier>{4FC737F1-C7A5-4376-A066-2A32D752A2FF}</UniqueIdentifier>
      <Extensions>cpp;c;cc;cxx;def;odl;idl;hpj;bat;asm;asmx</Extensions>
    </Filter>
    <Filter Include="ヘッダー ファイル">
      <UniqueIdentifier>{93995380-89BD-4b04-88EB-625FBE52EBFB}</UniqueIdentifier>
      <Extensions>h;hh;hpp;hxx;hm;inl;inc;ipp;xsd</Extensions>
    </Filter>
    <Filter Include="リソース ファイル">
      <UniqueIdentifier>{67DA6AB6-F800-4c08-8B7A-83BB121AAD01}</UniqueIdentifier>
      <Extensions>rc;ico;cur;bmp;dlg;rc2;rct;bin;rgs;gif;jpg;jpeg;jpe;resx;tiff;tif;png;wav;mfcribbon-ms</Extensions>
    </Filter>
  </ItemGroup>
  <ItemGroup>
    <ClCompile Include="main.cpp">
      <Filter>ソース ファイル</Filter>
    </ClCompile>
    <ClCompile Include="Player.cpp">
      <Filter>ソース ファイル</Filter>
    </ClCompile>
    <ClCompile Include="Map.cpp">
      <Filter>ソース ファイル</Filter>
    </ClCompile>
    <ClCompile Include="SceneManager.cpp">
      <Filter>ソース ファイル</Filter>
    </ClCompile>
    <ClCompile Include="GameScene.cpp">
      <Filter>ソース ファイル</Filter>
    </ClCompile>
    <ClCompile Include="TitleScene.cpp">
      <Filter>ソース ファイル</Filter>
    </ClCompile>
    <ClCompile Include="SelectScene.cpp">
      <Filter>ソース ファイル</Filter>
    </ClCompile>
    <ClCompile Include="MenuScene.cpp">
      <Filter>ソース ファイル</Filter>
    </ClCompile>
    <ClCompile Include="EndingScene.cpp">
      <Filter>ソース ファイル</Filter>
    </ClCompile>
    <ClCompile Include="NormalBlock.cpp">
      <Filter>ソース ファイル</Filter>
    </ClCompile>
    <ClCompile Include="UnbreakableBlock.cpp">
      <Filter>ソース ファイル</Filter>
    </ClCompile>
    <ClCompile Include="KeyBoard.cpp">
      <Filter>ソース ファイル</Filter>
    </ClCompile>
    <ClCompile Include="Loader.cpp">
      <Filter>ソース ファイル</Filter>
    </ClCompile>
    <ClCompile Include="Font.cpp">
      <Filter>ソース ファイル</Filter>
    </ClCompile>
    <ClCompile Include="DisappearingBlock.cpp">
      <Filter>ソース ファイル</Filter>
    </ClCompile>
    <ClCompile Include="SpringBlock.cpp">
      <Filter>ソース ファイル</Filter>
    </ClCompile>
    <ClCompile Include="Warp.cpp">
      <Filter>ソース ファイル</Filter>
    </ClCompile>
    <ClCompile Include="Arrow.cpp">
      <Filter>ソース ファイル</Filter>
    </ClCompile>
  </ItemGroup>
  <ItemGroup>
    <ClInclude Include="Actor.h">
      <Filter>ヘッダー ファイル</Filter>
    </ClInclude>
    <ClInclude Include="Map.h">
      <Filter>ヘッダー ファイル</Filter>
    </ClInclude>
    <ClInclude Include="Block.h">
      <Filter>ヘッダー ファイル</Filter>
    </ClInclude>
    <ClInclude Include="Player.h">
      <Filter>ヘッダー ファイル</Filter>
    </ClInclude>
    <ClInclude Include="Scene.h">
      <Filter>ヘッダー ファイル</Filter>
    </ClInclude>
    <ClInclude Include="SceneManager.h">
      <Filter>ヘッダー ファイル</Filter>
    </ClInclude>
    <ClInclude Include="GameScene.h">
      <Filter>ヘッダー ファイル</Filter>
    </ClInclude>
    <ClInclude Include="TitleScene.h">
      <Filter>ヘッダー ファイル</Filter>
    </ClInclude>
    <ClInclude Include="SelectScene.h">
      <Filter>ヘッダー ファイル</Filter>
    </ClInclude>
    <ClInclude Include="MenuScene.h">
      <Filter>ヘッダー ファイル</Filter>
    </ClInclude>
    <ClInclude Include="EndingScene.h">
      <Filter>ヘッダー ファイル</Filter>
    </ClInclude>
    <ClInclude Include="NormalBlock.h">
      <Filter>ヘッダー ファイル</Filter>
    </ClInclude>
    <ClInclude Include="UnbreakableBlock.h">
      <Filter>ヘッダー ファイル</Filter>
    </ClInclude>
    <ClInclude Include="KeyBoard.h">
      <Filter>ヘッダー ファイル</Filter>
    </ClInclude>
    <ClInclude Include="Loader.h">
      <Filter>ヘッダー ファイル</Filter>
    </ClInclude>
    <ClInclude Include="Font.h">
      <Filter>ヘッダー ファイル</Filter>
    </ClInclude>
    <ClInclude Include="DisappearingBlock.h">
      <Filter>ヘッダー ファイル</Filter>
    </ClInclude>
    <ClInclude Include="SpringBlock.h">
      <Filter>ヘッダー ファイル</Filter>
    </ClInclude>
    <ClInclude Include="Warp.h">
      <Filter>ヘッダー ファイル</Filter>
    </ClInclude>
    <ClInclude Include="Arrow.h">
      <Filter>ヘッダー ファイル</Filter>
    </ClInclude>
  </ItemGroup>
  <ItemGroup>
    <Text Include="Stage\stageData10.txt" />
    <Text Include="Stage\stageData11.txt" />
    <Text Include="Stage\stageData9.txt" />
    <Text Include="Stage\stageData8.txt" />
    <Text Include="Stage\stageData7.txt" />
    <Text Include="Stage\stageData6.txt" />
    <Text Include="Stage\stageData5.txt" />
    <Text Include="Stage\stageData4.txt" />
    <Text Include="Stage\stageData3.txt" />
    <Text Include="Stage\stageData2.txt" />
    <Text Include="Stage\stageData1.txt" />
  </ItemGroup>
  <ItemGroup>
    <Image Include="Asset\any_key1.png">
      <Filter>リソース ファイル</Filter>
    </Image>
    <Image Include="Asset\any_key2.png">
      <Filter>リソース ファイル</Filter>
    </Image>
    <Image Include="Asset\arrow.png">
      <Filter>リソース ファイル</Filter>
    </Image>
    <Image Include="Asset\block1.png">
      <Filter>リソース ファイル</Filter>
    </Image>
    <Image Include="Asset\block1_broken.png">
      <Filter>リソース ファイル</Filter>
    </Image>
    <Image Include="Asset\block1_cracked.png">
      <Filter>リソース ファイル</Filter>
    </Image>
    <Image Include="Asset\block2.png">
      <Filter>リソース ファイル</Filter>
    </Image>
    <Image Include="Asset\block2_broken.png">
      <Filter>リソース ファイル</Filter>
    </Image>
    <Image Include="Asset\block2_cracked.png">
      <Filter>リソース ファイル</Filter>
    </Image>
    <Image Include="Asset\disappearing_block.png">
      <Filter>リソース ファイル</Filter>
    </Image>
    <Image Include="Asset\goal.png">
      <Filter>リソース ファイル</Filter>
    </Image>
    <Image Include="Asset\player_left.png">
      <Filter>リソース ファイル</Filter>
    </Image>
    <Image Include="Asset\player_left_attack1.png">
      <Filter>リソース ファイル</Filter>
    </Image>
    <Image Include="Asset\player_left_attack2.png">
      <Filter>リソース ファイル</Filter>
    </Image>
    <Image Include="Asset\player_left_walk1.png">
      <Filter>リソース ファイル</Filter>
    </Image>
    <Image Include="Asset\player_left_walk2.png">
      <Filter>リソース ファイル</Filter>
    </Image>
    <Image Include="Asset\player_right.png">
      <Filter>リソース ファイル</Filter>
    </Image>
    <Image Include="Asset\player_right_attack1.png">
      <Filter>リソース ファイル</Filter>
    </Image>
    <Image Include="Asset\player_right_attack2.png">
      <Filter>リソース ファイル</Filter>
    </Image>
    <Image Include="Asset\player_right_walk1.png">
      <Filter>リソース ファイル</Filter>
    </Image>
    <Image Include="Asset\player_right_walk2.png">
      <Filter>リソース ファイル</Filter>
    </Image>
    <Image Include="Asset\press1.png">
      <Filter>リソース ファイル</Filter>
    </Image>
    <Image Include="Asset\press2.png">
      <Filter>リソース ファイル</Filter>
    </Image>
    <Image Include="Asset\spring_block.png">
      <Filter>リソース ファイル</Filter>
    </Image>
    <Image Include="Asset\spring_block_broken.png">
      <Filter>リソース ファイル</Filter>
    </Image>
    <Image Include="Asset\target.png">
      <Filter>リソース ファイル</Filter>
    </Image>
    <Image Include="Asset\title.png">
      <Filter>リソース ファイル</Filter>
    </Image>
    <Image Include="Asset\unbreakable_block.png">
      <Filter>リソース ファイル</Filter>
    </Image>
    <Image Include="Asset\warp1.png">
      <Filter>リソース ファイル</Filter>
    </Image>
    <Image Include="Asset\warp2.png">
      <Filter>リソース ファイル</Filter>
    </Image>
  </ItemGroup>
</Project>